{
  "name": "renderer",
  "lockfileVersion": 2,
  "requires": true,
  "packages": {
    "": {
      "dependencies": {
        "codemirror": "^5.65.2"
      }
    },
    "node_modules/codemirror": {
      "version": "5.65.6",
      "resolved": "https://registry.npmjs.org/codemirror/-/codemirror-5.65.6.tgz",
      "integrity": "sha512-zNihMSMoDxK9Gqv9oEyDT8oM51rcRrQ+IEo2zyS48gJByBq5Fj8XuNEguMra+MuIOuh6lkpnLUJeL70DoTt6yw=="
    }
  },
  "dependencies": {
    "codemirror": {
      "version": "5.65.6",
      "resolved": "https://registry.npmjs.org/codemirror/-/codemirror-5.65.6.tgz",
      "integrity": "sha512-zNihMSMoDxK9Gqv9oEyDT8oM51rcRrQ+IEo2zyS48gJByBq5Fj8XuNEguMra+MuIOuh6lkpnLUJeL70DoTt6yw=="
    }
  }
}
